{
  "name": "fantasy-names",
  "version": "1.0.0",
  "lockfileVersion": 1,
  "requires": true,
  "dependencies": {
    "lodash": {
      "version": "4.17.11",
      "resolved": "https://registry.npmjs.org/lodash/-/lodash-4.17.11.tgz",
      "integrity": "sha512-cQKh8igo5QUhZ7lg38DYWAxMvjSAKG0A8wGSVimP07SIUEK2UO+arSRKbRZWtelMtN5V0Hkwh5ryOto/SshYIg=="
    },
    "random-js": {
      "version": "1.0.8",
      "resolved": "https://registry.npmjs.org/random-js/-/random-js-1.0.8.tgz",
      "integrity": "sha1-lo/WiabyXWwKrHZig94vaIycGQo="
    },
    "string-template": {
      "version": "1.0.0",
      "resolved": "https://registry.npmjs.org/string-template/-/string-template-1.0.0.tgz",
      "integrity": "sha1-np8iM9wA8hhxjsN5oopWc+zKi5Y="
    }
  }
}
